# @generated by Move, please check-in and do not edit manually.

[move]
version = 3
manifest_digest = "368EBFDBF943E915DB9A538F4940DD2F93D5F1C4E5EF137EAAAD980317F819EA"
deps_digest = "F8BBB0CCB2491CA29A3DF03D6F92277A4F3574266507ACD77214D37ECA3F3082"
dependencies = [
  { id = "Sui", name = "Sui" },
]

[[move.package]]
id = "MoveStdlib"
source = { git = "https://github.com/MystenLabs/sui.git", rev = "framework/mainnet", subdir = "crates/sui-framework/packages/move-stdlib" }

[[move.package]]
id = "Sui"
source = { git = "https://github.com/MystenLabs/sui.git", rev = "framework/mainnet", subdir = "crates/sui-framework/packages/sui-framework" }

dependencies = [
  { id = "MoveStdlib", name = "MoveStdlib" },
]

[move.toolchain-version]
compiler-version = "1.38.1"
edition = "2024"
flavor = "sui"

[env]

[env.testnet]
chain-id = "4c78adac"
original-published-id = "0x00dc3293a4f7328f911269bad1315b137a59f5415e9479f3d4213358db56ba10"
latest-published-id = "0x00dc3293a4f7328f911269bad1315b137a59f5415e9479f3d4213358db56ba10"
published-version = "1"
